{
  "name": "use-package",
  "version": "1.0.0",
  "lockfileVersion": 2,
  "requires": true,
  "packages": {
    "": {
      "version": "1.0.0",
      "license": "ISC",
      "dependencies": {
        "@panacloud/my-test-package": "^1.0.1"
      }
    },
    "node_modules/@panacloud/my-test-package": {
      "version": "1.0.1",
      "resolved": "https://registry.npmjs.org/@panacloud/my-test-package/-/my-test-package-1.0.1.tgz",
      "integrity": "sha512-sHTYg350eW3hHA+7T7/qmaH7bpfq/U2JL/Mn9IJFPleGWgjYUlNBJ2nLmZsdoSnFXz8uRns7/TjtKbysheNFAQ==",
      "dependencies": {
        "user": "*"
      }
    },
    "node_modules/user": {
      "version": "0.0.0",
      "resolved": "https://registry.npmjs.org/user/-/user-0.0.0.tgz",
      "integrity": "sha1-8n8bI/xRHyqO+kDbVc+6Ejgk4Co="
    }
  },
  "dependencies": {
    "@panacloud/my-test-package": {
      "version": "1.0.1",
      "resolved": "https://registry.npmjs.org/@panacloud/my-test-package/-/my-test-package-1.0.1.tgz",
      "integrity": "sha512-sHTYg350eW3hHA+7T7/qmaH7bpfq/U2JL/Mn9IJFPleGWgjYUlNBJ2nLmZsdoSnFXz8uRns7/TjtKbysheNFAQ==",
      "requires": {
        "user": "*"
      }
    },
    "user": {
      "version": "0.0.0",
      "resolved": "https://registry.npmjs.org/user/-/user-0.0.0.tgz",
      "integrity": "sha1-8n8bI/xRHyqO+kDbVc+6Ejgk4Co="
    }
  }
}
